// !$*UTF8*$!
{
	archiveVersion = 1;
	classes = {
	};
	objectVersion = 46;
	objects = {

/* Begin PBXBuildFile section */
		29171F4D1EB87913002BC7BA /* AppDelegate.swift in Sources */ = {isa = PBXBuildFile; fileRef = 29171F4C1EB87913002BC7BA /* AppDelegate.swift */; };
		29171F4F1EB87913002BC7BA /* ViewController.swift in Sources */ = {isa = PBXBuildFile; fileRef = 29171F4E1EB87913002BC7BA /* ViewController.swift */; };
		29171F521EB87913002BC7BA /* Main.storyboard in Resources */ = {isa = PBXBuildFile; fileRef = 29171F501EB87913002BC7BA /* Main.storyboard */; };
		29171F541EB87913002BC7BA /* Assets.xcassets in Resources */ = {isa = PBXBuildFile; fileRef = 29171F531EB87913002BC7BA /* Assets.xcassets */; };
		29171F571EB87913002BC7BA /* LaunchScreen.storyboard in Resources */ = {isa = PBXBuildFile; fileRef = 29171F551EB87913002BC7BA /* LaunchScreen.storyboard */; };
		29171F621EB87913002BC7BA /* ExampleTests.swift in Sources */ = {isa = PBXBuildFile; fileRef = 29171F611EB87913002BC7BA /* ExampleTests.swift */; };
		29171F6D1EB87913002BC7BA /* ExampleUITests.swift in Sources */ = {isa = PBXBuildFile; fileRef = 29171F6C1EB87913002BC7BA /* ExampleUITests.swift */; };
		60E65D5912209620CA3AE46A /* Pods_Example.framework in Frameworks */ = {isa = PBXBuildFile; fileRef = B76642ADCF59F67F4D745830 /* Pods_Example.framework */; };
		7DE0F79D6F53C3C769CA33FD /* Pods_ExampleTests.framework in Frameworks */ = {isa = PBXBuildFile; fileRef = 24D581FC3F901F0C762BC230 /* Pods_ExampleTests.framework */; };
		E186484E392EB244F9058C93 /* Pods_ExampleUITests.framework in Frameworks */ = {isa = PBXBuildFile; fileRef = A28323E07788FE2120C71D76 /* Pods_ExampleUITests.framework */; };
/* End PBXBuildFile section */

/* Begin PBXContainerItemProxy section */
		29171F5E1EB87913002BC7BA /* PBXContainerItemProxy */ = {
			isa = PBXContainerItemProxy;
			containerPortal = 29171F411EB87913002BC7BA /* Project object */;
			proxyType = 1;
			remoteGlobalIDString = 29171F481EB87913002BC7BA;
			remoteInfo = Example;
		};
		29171F691EB87913002BC7BA /* PBXContainerItemProxy */ = {
			isa = PBXContainerItemProxy;
			containerPortal = 29171F411EB87913002BC7BA /* Project object */;
			proxyType = 1;
			remoteGlobalIDString = 29171F481EB87913002BC7BA;
			remoteInfo = Example;
		};
/* End PBXContainerItemProxy section */

/* Begin PBXFileReference section */
		24D581FC3F901F0C762BC230 /* Pods_ExampleTests.framework */ = {isa = PBXFileReference; explicitFileType = wrapper.framework; includeInIndex = 0; path = Pods_ExampleTests.framework; sourceTree = BUILT_PRODUCTS_DIR; };
		29171F491EB87913002BC7BA /* Example.app */ = {isa = PBXFileReference; explicitFileType = wrapper.application; includeInIndex = 0; path = Example.app; sourceTree = BUILT_PRODUCTS_DIR; };
		29171F4C1EB87913002BC7BA /* AppDelegate.swift */ = {isa = PBXFileReference; lastKnownFileType = sourcecode.swift; path = AppDelegate.swift; sourceTree = "<group>"; };
		29171F4E1EB87913002BC7BA /* ViewController.swift */ = {isa = PBXFileReference; lastKnownFileType = sourcecode.swift; path = ViewController.swift; sourceTree = "<group>"; };
		29171F511EB87913002BC7BA /* Base */ = {isa = PBXFileReference; lastKnownFileType = file.storyboard; name = Base; path = Base.lproj/Main.storyboard; sourceTree = "<group>"; };
		29171F531EB87913002BC7BA /* Assets.xcassets */ = {isa = PBXFileReference; lastKnownFileType = folder.assetcatalog; path = Assets.xcassets; sourceTree = "<group>"; };
		29171F561EB87913002BC7BA /* Base */ = {isa = PBXFileReference; lastKnownFileType = file.storyboard; name = Base; path = Base.lproj/LaunchScreen.storyboard; sourceTree = "<group>"; };
		29171F581EB87913002BC7BA /* Info.plist */ = {isa = PBXFileReference; lastKnownFileType = text.plist.xml; path = Info.plist; sourceTree = "<group>"; };
		29171F5D1EB87913002BC7BA /* ExampleTests.xctest */ = {isa = PBXFileReference; explicitFileType = wrapper.cfbundle; includeInIndex = 0; path = ExampleTests.xctest; sourceTree = BUILT_PRODUCTS_DIR; };
		29171F611EB87913002BC7BA /* ExampleTests.swift */ = {isa = PBXFileReference; lastKnownFileType = sourcecode.swift; path = ExampleTests.swift; sourceTree = "<group>"; };
		29171F631EB87913002BC7BA /* Info.plist */ = {isa = PBXFileReference; lastKnownFileType = text.plist.xml; path = Info.plist; sourceTree = "<group>"; };
		29171F681EB87913002BC7BA /* ExampleUITests.xctest */ = {isa = PBXFileReference; explicitFileType = wrapper.cfbundle; includeInIndex = 0; path = ExampleUITests.xctest; sourceTree = BUILT_PRODUCTS_DIR; };
		29171F6C1EB87913002BC7BA /* ExampleUITests.swift */ = {isa = PBXFileReference; lastKnownFileType = sourcecode.swift; path = ExampleUITests.swift; sourceTree = "<group>"; };
		29171F6E1EB87913002BC7BA /* Info.plist */ = {isa = PBXFileReference; lastKnownFileType = text.plist.xml; path = Info.plist; sourceTree = "<group>"; };
		3FC976876E29BE9E66FBCAF8 /* Pods-ExampleUITests.debug.xcconfig */ = {isa = PBXFileReference; includeInIndex = 1; lastKnownFileType = text.xcconfig; name = "Pods-ExampleUITests.debug.xcconfig"; path = "Pods/Target Support Files/Pods-ExampleUITests/Pods-ExampleUITests.debug.xcconfig"; sourceTree = "<group>"; };
		818C240280B53354C377C1CF /* Pods-Example.release.xcconfig */ = {isa = PBXFileReference; includeInIndex = 1; lastKnownFileType = text.xcconfig; name = "Pods-Example.release.xcconfig"; path = "Pods/Target Support Files/Pods-Example/Pods-Example.release.xcconfig"; sourceTree = "<group>"; };
		93237FDD1C9E4873B35D4DD2 /* Pods-ExampleTests.release.xcconfig */ = {isa = PBXFileReference; includeInIndex = 1; lastKnownFileType = text.xcconfig; name = "Pods-ExampleTests.release.xcconfig"; path = "Pods/Target Support Files/Pods-ExampleTests/Pods-ExampleTests.release.xcconfig"; sourceTree = "<group>"; };
		A28323E07788FE2120C71D76 /* Pods_ExampleUITests.framework */ = {isa = PBXFileReference; explicitFileType = wrapper.framework; includeInIndex = 0; path = Pods_ExampleUITests.framework; sourceTree = BUILT_PRODUCTS_DIR; };
		B76642ADCF59F67F4D745830 /* Pods_Example.framework */ = {isa = PBXFileReference; explicitFileType = wrapper.framework; includeInIndex = 0; path = Pods_Example.framework; sourceTree = BUILT_PRODUCTS_DIR; };
		CC74EF7C645C8F5717D941FF /* Pods-ExampleUITests.release.xcconfig */ = {isa = PBXFileReference; includeInIndex = 1; lastKnownFileType = text.xcconfig; name = "Pods-ExampleUITests.release.xcconfig"; path = "Pods/Target Support Files/Pods-ExampleUITests/Pods-ExampleUITests.release.xcconfig"; sourceTree = "<group>"; };
		F8A5C25186D693C82A634C55 /* Pods-Example.debug.xcconfig */ = {isa = PBXFileReference; includeInIndex = 1; lastKnownFileType = text.xcconfig; name = "Pods-Example.debug.xcconfig"; path = "Pods/Target Support Files/Pods-Example/Pods-Example.debug.xcconfig"; sourceTree = "<group>"; };
		FBC99012D39B646E06D18244 /* Pods-ExampleTests.debug.xcconfig */ = {isa = PBXFileReference; includeInIndex = 1; lastKnownFileType = text.xcconfig; name = "Pods-ExampleTests.debug.xcconfig"; path = "Pods/Target Support Files/Pods-ExampleTests/Pods-ExampleTests.debug.xcconfig"; sourceTree = "<group>"; };
/* End PBXFileReference section */

/* Begin PBXFrameworksBuildPhase section */
		29171F461EB87913002BC7BA /* Frameworks */ = {
			isa = PBXFrameworksBuildPhase;
			buildActionMask = 2147483647;
			files = (
				60E65D5912209620CA3AE46A /* Pods_Example.framework in Frameworks */,
			);
			runOnlyForDeploymentPostprocessing = 0;
		};
		29171F5A1EB87913002BC7BA /* Frameworks */ = {
			isa = PBXFrameworksBuildPhase;
			buildActionMask = 2147483647;
			files = (
				7DE0F79D6F53C3C769CA33FD /* Pods_ExampleTests.framework in Frameworks */,
			);
			runOnlyForDeploymentPostprocessing = 0;
		};
		29171F651EB87913002BC7BA /* Frameworks */ = {
			isa = PBXFrameworksBuildPhase;
			buildActionMask = 2147483647;
			files = (
				E186484E392EB244F9058C93 /* Pods_ExampleUITests.framework in Frameworks */,
			);
			runOnlyForDeploymentPostprocessing = 0;
		};
/* End PBXFrameworksBuildPhase section */

/* Begin PBXGroup section */
		29171F401EB87913002BC7BA = {
			isa = PBXGroup;
			children = (
				29171F4B1EB87913002BC7BA /* Example */,
				29171F601EB87913002BC7BA /* ExampleTests */,
				29171F6B1EB87913002BC7BA /* ExampleUITests */,
				29171F4A1EB87913002BC7BA /* Products */,
				432AEE76608A220A2563C299 /* Pods */,
				377D95036DA0C3511454119B /* Frameworks */,
			);
			sourceTree = "<group>";
		};
		29171F4A1EB87913002BC7BA /* Products */ = {
			isa = PBXGroup;
			children = (
				29171F491EB87913002BC7BA /* Example.app */,
				29171F5D1EB87913002BC7BA /* ExampleTests.xctest */,
				29171F681EB87913002BC7BA /* ExampleUITests.xctest */,
			);
			name = Products;
			sourceTree = "<group>";
		};
		29171F4B1EB87913002BC7BA /* Example */ = {
			isa = PBXGroup;
			children = (
				29171F4C1EB87913002BC7BA /* AppDelegate.swift */,
				29171F4E1EB87913002BC7BA /* ViewController.swift */,
				29171F501EB87913002BC7BA /* Main.storyboard */,
				29171F531EB87913002BC7BA /* Assets.xcassets */,
				29171F551EB87913002BC7BA /* LaunchScreen.storyboard */,
				29171F581EB87913002BC7BA /* Info.plist */,
			);
			path = Example;
			sourceTree = "<group>";
		};
		29171F601EB87913002BC7BA /* ExampleTests */ = {
			isa = PBXGroup;
			children = (
				29171F611EB87913002BC7BA /* ExampleTests.swift */,
				29171F631EB87913002BC7BA /* Info.plist */,
			);
			path = ExampleTests;
			sourceTree = "<group>";
		};
		29171F6B1EB87913002BC7BA /* ExampleUITests */ = {
			isa = PBXGroup;
			children = (
				29171F6C1EB87913002BC7BA /* ExampleUITests.swift */,
				29171F6E1EB87913002BC7BA /* Info.plist */,
			);
			path = ExampleUITests;
			sourceTree = "<group>";
		};
		377D95036DA0C3511454119B /* Frameworks */ = {
			isa = PBXGroup;
			children = (
				B76642ADCF59F67F4D745830 /* Pods_Example.framework */,
				24D581FC3F901F0C762BC230 /* Pods_ExampleTests.framework */,
				A28323E07788FE2120C71D76 /* Pods_ExampleUITests.framework */,
			);
			name = Frameworks;
			sourceTree = "<group>";
		};
		432AEE76608A220A2563C299 /* Pods */ = {
			isa = PBXGroup;
			children = (
				F8A5C25186D693C82A634C55 /* Pods-Example.debug.xcconfig */,
				818C240280B53354C377C1CF /* Pods-Example.release.xcconfig */,
				FBC99012D39B646E06D18244 /* Pods-ExampleTests.debug.xcconfig */,
				93237FDD1C9E4873B35D4DD2 /* Pods-ExampleTests.release.xcconfig */,
				3FC976876E29BE9E66FBCAF8 /* Pods-ExampleUITests.debug.xcconfig */,
				CC74EF7C645C8F5717D941FF /* Pods-ExampleUITests.release.xcconfig */,
			);
			name = Pods;
			sourceTree = "<group>";
		};
/* End PBXGroup section */

/* Begin PBXNativeTarget section */
		29171F481EB87913002BC7BA /* Example */ = {
			isa = PBXNativeTarget;
			buildConfigurationList = 29171F711EB87913002BC7BA /* Build configuration list for PBXNativeTarget "Example" */;
			buildPhases = (
				A2E91BE59C202E04A92B7D59 /* [CP] Check Pods Manifest.lock */,
				29171F451EB87913002BC7BA /* Sources */,
				29171F461EB87913002BC7BA /* Frameworks */,
				29171F471EB87913002BC7BA /* Resources */,
				D23638F4B9E46C0F4CC3535C /* [CP] Embed Pods Frameworks */,
				6B38A18752CD635DCC99DCE7 /* [CP] Copy Pods Resources */,
			);
			buildRules = (
			);
			dependencies = (
			);
			name = Example;
			productName = Example;
			productReference = 29171F491EB87913002BC7BA /* Example.app */;
			productType = "com.apple.product-type.application";
		};
		29171F5C1EB87913002BC7BA /* ExampleTests */ = {
			isa = PBXNativeTarget;
			buildConfigurationList = 29171F741EB87913002BC7BA /* Build configuration list for PBXNativeTarget "ExampleTests" */;
			buildPhases = (
				A4CF53B2FA16AA81E32C652F /* [CP] Check Pods Manifest.lock */,
				29171F591EB87913002BC7BA /* Sources */,
				29171F5A1EB87913002BC7BA /* Frameworks */,
				29171F5B1EB87913002BC7BA /* Resources */,
				B15A0F12574CA6B83FA0FD14 /* [CP] Embed Pods Frameworks */,
				0230DA16743A836097378ED0 /* [CP] Copy Pods Resources */,
			);
			buildRules = (
			);
			dependencies = (
				29171F5F1EB87913002BC7BA /* PBXTargetDependency */,
			);
			name = ExampleTests;
			productName = ExampleTests;
			productReference = 29171F5D1EB87913002BC7BA /* ExampleTests.xctest */;
			productType = "com.apple.product-type.bundle.unit-test";
		};
		29171F671EB87913002BC7BA /* ExampleUITests */ = {
			isa = PBXNativeTarget;
			buildConfigurationList = 29171F771EB87913002BC7BA /* Build configuration list for PBXNativeTarget "ExampleUITests" */;
			buildPhases = (
				04630B95AC76C271DCB6D313 /* [CP] Check Pods Manifest.lock */,
				29171F641EB87913002BC7BA /* Sources */,
				29171F651EB87913002BC7BA /* Frameworks */,
				29171F661EB87913002BC7BA /* Resources */,
				9127BB4589A15862066A8636 /* [CP] Embed Pods Frameworks */,
				ABBE438F16D43C62DBC11D65 /* [CP] Copy Pods Resources */,
			);
			buildRules = (
			);
			dependencies = (
				29171F6A1EB87913002BC7BA /* PBXTargetDependency */,
			);
			name = ExampleUITests;
			productName = ExampleUITests;
			productReference = 29171F681EB87913002BC7BA /* ExampleUITests.xctest */;
			productType = "com.apple.product-type.bundle.ui-testing";
		};
/* End PBXNativeTarget section */

/* Begin PBXProject section */
		29171F411EB87913002BC7BA /* Project object */ = {
			isa = PBXProject;
			attributes = {
				LastSwiftUpdateCheck = 0830;
				LastUpgradeCheck = 0830;
				ORGANIZATIONNAME = Maxwell;
				TargetAttributes = {
					29171F481EB87913002BC7BA = {
						CreatedOnToolsVersion = 8.3.2;
						ProvisioningStyle = Automatic;
					};
					29171F5C1EB87913002BC7BA = {
						CreatedOnToolsVersion = 8.3.2;
						ProvisioningStyle = Automatic;
						TestTargetID = 29171F481EB87913002BC7BA;
					};
					29171F671EB87913002BC7BA = {
						CreatedOnToolsVersion = 8.3.2;
						ProvisioningStyle = Automatic;
						TestTargetID = 29171F481EB87913002BC7BA;
					};
				};
			};
			buildConfigurationList = 29171F441EB87913002BC7BA /* Build configuration list for PBXProject "Example" */;
			compatibilityVersion = "Xcode 3.2";
			developmentRegion = English;
			hasScannedForEncodings = 0;
			knownRegions = (
				en,
				Base,
			);
			mainGroup = 29171F401EB87913002BC7BA;
			productRefGroup = 29171F4A1EB87913002BC7BA /* Products */;
			projectDirPath = "";
			projectRoot = "";
			targets = (
				29171F481EB87913002BC7BA /* Example */,
				29171F5C1EB87913002BC7BA /* ExampleTests */,
				29171F671EB87913002BC7BA /* ExampleUITests */,
			);
		};
/* End PBXProject section */

/* Begin PBXResourcesBuildPhase section */
		29171F471EB87913002BC7BA /* Resources */ = {
			isa = PBXResourcesBuildPhase;
			buildActionMask = 2147483647;
			files = (
				29171F571EB87913002BC7BA /* LaunchScreen.storyboard in Resources */,
				29171F541EB87913002BC7BA /* Assets.xcassets in Resources */,
				29171F521EB87913002BC7BA /* Main.storyboard in Resources */,
			);
			runOnlyForDeploymentPostprocessing = 0;
		};
		29171F5B1EB87913002BC7BA /* Resources */ = {
			isa = PBXResourcesBuildPhase;
			buildActionMask = 2147483647;
			files = (
			);
			runOnlyForDeploymentPostprocessing = 0;
		};
		29171F661EB87913002BC7BA /* Resources */ = {
			isa = PBXResourcesBuildPhase;
			buildActionMask = 2147483647;
			files = (
			);
			runOnlyForDeploymentPostprocessing = 0;
		};
/* End PBXResourcesBuildPhase section */

/* Begin PBXShellScriptBuildPhase section */
		0230DA16743A836097378ED0 /* [CP] Copy Pods Resources */ = {
			isa = PBXShellScriptBuildPhase;
			buildActionMask = 2147483647;
			files = (
			);
			inputPaths = (
			);
			name = "[CP] Copy Pods Resources";
			outputPaths = (
			);
			runOnlyForDeploymentPostprocessing = 0;
			shellPath = /bin/sh;
			shellScript = "\"${SRCROOT}/Pods/Target Support Files/Pods-ExampleTests/Pods-ExampleTests-resources.sh\"\n";
			showEnvVarsInLog = 0;
		};
		04630B95AC76C271DCB6D313 /* [CP] Check Pods Manifest.lock */ = {
			isa = PBXShellScriptBuildPhase;
			buildActionMask = 2147483647;
			files = (
			);
			inputPaths = (
			);
			name = "[CP] Check Pods Manifest.lock";
			outputPaths = (
			);
			runOnlyForDeploymentPostprocessing = 0;
			shellPath = /bin/sh;
			shellScript = "diff \"${PODS_ROOT}/../Podfile.lock\" \"${PODS_ROOT}/Manifest.lock\" > /dev/null\nif [ $? != 0 ] ; then\n    # print error to STDERR\n    echo \"error: The sandbox is not in sync with the Podfile.lock. Run 'pod install' or update your CocoaPods installation.\" >&2\n    exit 1\nfi\n";
			showEnvVarsInLog = 0;
		};
		6B38A18752CD635DCC99DCE7 /* [CP] Copy Pods Resources */ = {
			isa = PBXShellScriptBuildPhase;
			buildActionMask = 2147483647;
			files = (
			);
			inputPaths = (
			);
			name = "[CP] Copy Pods Resources";
			outputPaths = (
			);
			runOnlyForDeploymentPostprocessing = 0;
			shellPath = /bin/sh;
			shellScript = "\"${SRCROOT}/Pods/Target Support Files/Pods-Example/Pods-Example-resources.sh\"\n";
			showEnvVarsInLog = 0;
		};
		9127BB4589A15862066A8636 /* [CP] Embed Pods Frameworks */ = {
			isa = PBXShellScriptBuildPhase;
			buildActionMask = 2147483647;
			files = (
			);
			inputPaths = (
			);
			name = "[CP] Embed Pods Frameworks";
			outputPaths = (
			);
			runOnlyForDeploymentPostprocessing = 0;
			shellPath = /bin/sh;
			shellScript = "\"${SRCROOT}/Pods/Target Support Files/Pods-ExampleUITests/Pods-ExampleUITests-frameworks.sh\"\n";
			showEnvVarsInLog = 0;
		};
		A2E91BE59C202E04A92B7D59 /* [CP] Check Pods Manifest.lock */ = {
			isa = PBXShellScriptBuildPhase;
			buildActionMask = 2147483647;
			files = (
			);
			inputPaths = (
			);
			name = "[CP] Check Pods Manifest.lock";
			outputPaths = (
			);
			runOnlyForDeploymentPostprocessing = 0;
			shellPath = /bin/sh;
			shellScript = "diff \"${PODS_ROOT}/../Podfile.lock\" \"${PODS_ROOT}/Manifest.lock\" > /dev/null\nif [ $? != 0 ] ; then\n    # print error to STDERR\n    echo \"error: The sandbox is not in sync with the Podfile.lock. Run 'pod install' or update your CocoaPods installation.\" >&2\n    exit 1\nfi\n";
			showEnvVarsInLog = 0;
		};
		A4CF53B2FA16AA81E32C652F /* [CP] Check Pods Manifest.lock */ = {
			isa = PBXShellScriptBuildPhase;
			buildActionMask = 2147483647;
			files = (
			);
			inputPaths = (
			);
			name = "[CP] Check Pods Manifest.lock";
			outputPaths = (
			);
			runOnlyForDeploymentPostprocessing = 0;
			shellPath = /bin/sh;
			shellScript = "diff \"${PODS_ROOT}/../Podfile.lock\" \"${PODS_ROOT}/Manifest.lock\" > /dev/null\nif [ $? != 0 ] ; then\n    # print error to STDERR\n    echo \"error: The sandbox is not in sync with the Podfile.lock. Run 'pod install' or update your CocoaPods installation.\" >&2\n    exit 1\nfi\n";
			showEnvVarsInLog = 0;
		};
		ABBE438F16D43C62DBC11D65 /* [CP] Copy Pods Resources */ = {
			isa = PBXShellScriptBuildPhase;
			buildActionMask = 2147483647;
			files = (
			);
			inputPaths = (
			);
			name = "[CP] Copy Pods Resources";
			outputPaths = (
			);
			runOnlyForDeploymentPostprocessing = 0;
			shellPath = /bin/sh;
			shellScript = "\"${SRCROOT}/Pods/Target Support Files/Pods-ExampleUITests/Pods-ExampleUITests-resources.sh\"\n";
			showEnvVarsInLog = 0;
		};
		B15A0F12574CA6B83FA0FD14 /* [CP] Embed Pods Frameworks */ = {
			isa = PBXShellScriptBuildPhase;
			buildActionMask = 2147483647;
			files = (
			);
			inputPaths = (
			);
			name = "[CP] Embed Pods Frameworks";
			outputPaths = (
			);
			runOnlyForDeploymentPostprocessing = 0;
			shellPath = /bin/sh;
			shellScript = "\"${SRCROOT}/Pods/Target Support Files/Pods-ExampleTests/Pods-ExampleTests-frameworks.sh\"\n";
			showEnvVarsInLog = 0;
		};
		D23638F4B9E46C0F4CC3535C /* [CP] Embed Pods Frameworks */ = {
			isa = PBXShellScriptBuildPhase;
			buildActionMask = 2147483647;
			files = (
			);
			inputPaths = (
			);
			name = "[CP] Embed Pods Frameworks";
			outputPaths = (
			);
			runOnlyForDeploymentPostprocessing = 0;
			shellPath = /bin/sh;
			shellScript = "\"${SRCROOT}/Pods/Target Support Files/Pods-Example/Pods-Example-frameworks.sh\"\n";
			showEnvVarsInLog = 0;
		};
/* End PBXShellScriptBuildPhase section */

/* Begin PBXSourcesBuildPhase section */
		29171F451EB87913002BC7BA /* Sources */ = {
			isa = PBXSourcesBuildPhase;
			buildActionMask = 2147483647;
			files = (
				29171F4F1EB87913002BC7BA /* ViewController.swift in Sources */,
				29171F4D1EB87913002BC7BA /* AppDelegate.swift in Sources */,
			);
			runOnlyForDeploymentPostprocessing = 0;
		};
		29171F591EB87913002BC7BA /* Sources */ = {
			isa = PBXSourcesBuildPhase;
			buildActionMask = 2147483647;
			files = (
				29171F621EB87913002BC7BA /* ExampleTests.swift in Sources */,
			);
			runOnlyForDeploymentPostprocessing = 0;
		};
		29171F641EB87913002BC7BA /* Sources */ = {
			isa = PBXSourcesBuildPhase;
			buildActionMask = 2147483647;
			files = (
				29171F6D1EB87913002BC7BA /* ExampleUITests.swift in Sources */,
			);
			runOnlyForDeploymentPostprocessing = 0;
		};
/* End PBXSourcesBuildPhase section */

/* Begin PBXTargetDependency section */
		29171F5F1EB87913002BC7BA /* PBXTargetDependency */ = {
			isa = PBXTargetDependency;
			target = 29171F481EB87913002BC7BA /* Example */;
			targetProxy = 29171F5E1EB87913002BC7BA /* PBXContainerItemProxy */;
		};
		29171F6A1EB87913002BC7BA /* PBXTargetDependency */ = {
			isa = PBXTargetDependency;
			target = 29171F481EB87913002BC7BA /* Example */;
			targetProxy = 29171F691EB87913002BC7BA /* PBXContainerItemProxy */;
		};
/* End PBXTargetDependency section */

/* Begin PBXVariantGroup section */
		29171F501EB87913002BC7BA /* Main.storyboard */ = {
			isa = PBXVariantGroup;
			children = (
				29171F511EB87913002BC7BA /* Base */,
			);
			name = Main.storyboard;
			sourceTree = "<group>";
		};
		29171F551EB87913002BC7BA /* LaunchScreen.storyboard */ = {
			isa = PBXVariantGroup;
			children = (
				29171F561EB87913002BC7BA /* Base */,
			);
			name = LaunchScreen.storyboard;
			sourceTree = "<group>";
		};
/* End PBXVariantGroup section */

/* Begin XCBuildConfiguration section */
		29171F6F1EB87913002BC7BA /* Debug */ = {
			isa = XCBuildConfiguration;
			buildSettings = {
				ALWAYS_SEARCH_USER_PATHS = NO;
				CLANG_ANALYZER_NONNULL = YES;
				CLANG_ANALYZER_NUMBER_OBJECT_CONVERSION = YES_AGGRESSIVE;
				CLANG_CXX_LANGUAGE_STANDARD = "gnu++0x";
				CLANG_CXX_LIBRARY = "libc++";
				CLANG_ENABLE_MODULES = YES;
				CLANG_ENABLE_OBJC_ARC = YES;
				CLANG_WARN_BOOL_CONVERSION = YES;
				CLANG_WARN_CONSTANT_CONVERSION = YES;
				CLANG_WARN_DIRECT_OBJC_ISA_USAGE = YES_ERROR;
				CLANG_WARN_DOCUMENTATION_COMMENTS = YES;
				CLANG_WARN_EMPTY_BODY = YES;
				CLANG_WARN_ENUM_CONVERSION = YES;
				CLANG_WARN_INFINITE_RECURSION = YES;
				CLANG_WARN_INT_CONVERSION = YES;
				CLANG_WARN_OBJC_ROOT_CLASS = YES_ERROR;
				CLANG_WARN_SUSPICIOUS_MOVE = YES;
				CLANG_WARN_UNREACHABLE_CODE = YES;
				CLANG_WARN__DUPLICATE_METHOD_MATCH = YES;
				"CODE_SIGN_IDENTITY[sdk=iphoneos*]" = "iPhone Developer";
				COPY_PHASE_STRIP = NO;
				DEBUG_INFORMATION_FORMAT = dwarf;
				ENABLE_STRICT_OBJC_MSGSEND = YES;
				ENABLE_TESTABILITY = YES;
				GCC_C_LANGUAGE_STANDARD = gnu99;
				GCC_DYNAMIC_NO_PIC = NO;
				GCC_NO_COMMON_BLOCKS = YES;
				GCC_OPTIMIZATION_LEVEL = 0;
				GCC_PREPROCESSOR_DEFINITIONS = (
					"DEBUG=1",
					"$(inherited)",
				);
				GCC_WARN_64_TO_32_BIT_CONVERSION = YES;
				GCC_WARN_ABOUT_RETURN_TYPE = YES_ERROR;
				GCC_WARN_UNDECLARED_SELECTOR = YES;
				GCC_WARN_UNINITIALIZED_AUTOS = YES_AGGRESSIVE;
				GCC_WARN_UNUSED_FUNCTION = YES;
				GCC_WARN_UNUSED_VARIABLE = YES;
				IPHONEOS_DEPLOYMENT_TARGET = 10.3;
				MTL_ENABLE_DEBUG_INFO = YES;
				ONLY_ACTIVE_ARCH = YES;
				SDKROOT = iphoneos;
				SWIFT_ACTIVE_COMPILATION_CONDITIONS = DEBUG;
				SWIFT_OPTIMIZATION_LEVEL = "-Onone";
				TARGETED_DEVICE_FAMILY = "1,2";
			};
			name = Debug;
		};
		29171F701EB87913002BC7BA /* Release */ = {
			isa = XCBuildConfiguration;
			buildSettings = {
				ALWAYS_SEARCH_USER_PATHS = NO;
				CLANG_ANALYZER_NONNULL = YES;
				CLANG_ANALYZER_NUMBER_OBJECT_CONVERSION = YES_AGGRESSIVE;
				CLANG_CXX_LANGUAGE_STANDARD = "gnu++0x";
				CLANG_CXX_LIBRARY = "libc++";
				CLANG_ENABLE_MODULES = YES;
				CLANG_ENABLE_OBJC_ARC = YES;
				CLANG_WARN_BOOL_CONVERSION = YES;
				CLANG_WARN_CONSTANT_CONVERSION = YES;
				CLANG_WARN_DIRECT_OBJC_ISA_USAGE = YES_ERROR;
				CLANG_WARN_DOCUMENTATION_COMMENTS = YES;
				CLANG_WARN_EMPTY_BODY = YES;
				CLANG_WARN_ENUM_CONVERSION = YES;
				CLANG_WARN_INFINITE_RECURSION = YES;
				CLANG_WARN_INT_CONVERSION = YES;
				CLANG_WARN_OBJC_ROOT_CLASS = YES_ERROR;
				CLANG_WARN_SUSPICIOUS_MOVE = YES;
				CLANG_WARN_UNREACHABLE_CODE = YES;
				CLANG_WARN__DUPLICATE_METHOD_MATCH = YES;
				"CODE_SIGN_IDENTITY[sdk=iphoneos*]" = "iPhone Developer";
				COPY_PHASE_STRIP = NO;
				DEBUG_INFORMATION_FORMAT = "dwarf-with-dsym";
				ENABLE_NS_ASSERTIONS = NO;
				ENABLE_STRICT_OBJC_MSGSEND = YES;
				GCC_C_LANGUAGE_STANDARD = gnu99;
				GCC_NO_COMMON_BLOCKS = YES;
				GCC_WARN_64_TO_32_BIT_CONVERSION = YES;
				GCC_WARN_ABOUT_RETURN_TYPE = YES_ERROR;
				GCC_WARN_UNDECLARED_SELECTOR = YES;
				GCC_WARN_UNINITIALIZED_AUTOS = YES_AGGRESSIVE;
				GCC_WARN_UNUSED_FUNCTION = YES;
				GCC_WARN_UNUSED_VARIABLE = YES;
				IPHONEOS_DEPLOYMENT_TARGET = 10.3;
				MTL_ENABLE_DEBUG_INFO = NO;
				SDKROOT = iphoneos;
				SWIFT_OPTIMIZATION_LEVEL = "-Owholemodule";
				TARGETED_DEVICE_FAMILY = "1,2";
				VALIDATE_PRODUCT = YES;
			};
			name = Release;
		};
		29171F721EB87913002BC7BA /* Debug */ = {
			isa = XCBuildConfiguration;
			baseConfigurationReference = F8A5C25186D693C82A634C55 /* Pods-Example.debug.xcconfig */;
			buildSettings = {
				ASSETCATALOG_COMPILER_APPICON_NAME = AppIcon;
				INFOPLIST_FILE = Example/Info.plist;
				LD_RUNPATH_SEARCH_PATHS = "$(inherited) @executable_path/Frameworks";
				PRODUCT_BUNDLE_IDENTIFIER = Maxwell.Example;
				PRODUCT_NAME = "$(TARGET_NAME)";
				SWIFT_VERSION = 3.0;
			};
			name = Debug;
		};
		29171F731EB87913002BC7BA /* Release */ = {
			isa = XCBuildConfiguration;
			baseConfigurationReference = 818C240280B53354C377C1CF /* Pods-Example.release.xcconfig */;
			buildSettings = {
				ASSETCATALOG_COMPILER_APPICON_NAME = AppIcon;
				INFOPLIST_FILE = Example/Info.plist;
				LD_RUNPATH_SEARCH_PATHS = "$(inherited) @executable_path/Frameworks";
				PRODUCT_BUNDLE_IDENTIFIER = Maxwell.Example;
				PRODUCT_NAME = "$(TARGET_NAME)";
				SWIFT_VERSION = 3.0;
			};
			name = Release;
		};
		29171F751EB87913002BC7BA /* Debug */ = {
			isa = XCBuildConfiguration;
			baseConfigurationReference = FBC99012D39B646E06D18244 /* Pods-ExampleTests.debug.xcconfig */;
			buildSettings = {
				ALWAYS_EMBED_SWIFT_STANDARD_LIBRARIES = YES;
				BUNDLE_LOADER = "$(TEST_HOST)";
				INFOPLIST_FILE = ExampleTests/Info.plist;
				LD_RUNPATH_SEARCH_PATHS = "$(inherited) @executable_path/Frameworks @loader_path/Frameworks";
				PRODUCT_BUNDLE_IDENTIFIER = Maxwell.ExampleTests;
				PRODUCT_NAME = "$(TARGET_NAME)";
				SWIFT_VERSION = 3.0;
				TEST_HOST = "$(BUILT_PRODUCTS_DIR)/Example.app/Example";
			};
			name = Debug;
		};
		29171F761EB87913002BC7BA /* Release */ = {
			isa = XCBuildConfiguration;
			baseConfigurationReference = 93237FDD1C9E4873B35D4DD2 /* Pods-ExampleTests.release.xcconfig */;
			buildSettings = {
				ALWAYS_EMBED_SWIFT_STANDARD_LIBRARIES = YES;
				BUNDLE_LOADER = "$(TEST_HOST)";
				INFOPLIST_FILE = ExampleTests/Info.plist;
				LD_RUNPATH_SEARCH_PATHS = "$(inherited) @executable_path/Frameworks @loader_path/Frameworks";
				PRODUCT_BUNDLE_IDENTIFIER = Maxwell.ExampleTests;
				PRODUCT_NAME = "$(TARGET_NAME)";
				SWIFT_VERSION = 3.0;
				TEST_HOST = "$(BUILT_PRODUCTS_DIR)/Example.app/Example";
			};
			name = Release;
		};
		29171F781EB87913002BC7BA /* Debug */ = {
			isa = XCBuildConfiguration;
			baseConfigurationReference = 3FC976876E29BE9E66FBCAF8 /* Pods-ExampleUITests.debug.xcconfig */;
			buildSettings = {
				ALWAYS_EMBED_SWIFT_STANDARD_LIBRARIES = YES;
				INFOPLIST_FILE = ExampleUITests/Info.plist;
				LD_RUNPATH_SEARCH_PATHS = "$(inherited) @executable_path/Frameworks @loader_path/Frameworks";
				PRODUCT_BUNDLE_IDENTIFIER = Maxwell.ExampleUITests;
				PRODUCT_NAME = "$(TARGET_NAME)";
				SWIFT_VERSION = 3.0;
				TEST_TARGET_NAME = Example;
			};
			name = Debug;
		};
		29171F791EB87913002BC7BA /* Release */ = {
			isa = XCBuildConfiguration;
			baseConfigurationReference = CC74EF7C645C8F5717D941FF /* Pods-ExampleUITests.release.xcconfig */;
			buildSettings = {
				ALWAYS_EMBED_SWIFT_STANDARD_LIBRARIES = YES;
				INFOPLIST_FILE = ExampleUITests/Info.plist;
				LD_RUNPATH_SEARCH_PATHS = "$(inherited) @executable_path/Frameworks @loader_path/Frameworks";
				PRODUCT_BUNDLE_IDENTIFIER = Maxwell.ExampleUITests;
				PRODUCT_NAME = "$(TARGET_NAME)";
				SWIFT_VERSION = 3.0;
				TEST_TARGET_NAME = Example;
			};
			name = Release;
		};
/* End XCBuildConfiguration section */

/* Begin XCConfigurationList section */
		29171F441EB87913002BC7BA /* Build configuration list for PBXProject "Example" */ = {
			isa = XCConfigurationList;
			buildConfigurations = (
				29171F6F1EB87913002BC7BA /* Debug */,
				29171F701EB87913002BC7BA /* Release */,
			);
			defaultConfigurationIsVisible = 0;
			defaultConfigurationName = Release;
		};
		29171F711EB87913002BC7BA /* Build configuration list for PBXNativeTarget "Example" */ = {
			isa = XCConfigurationList;
			buildConfigurations = (
				29171F721EB87913002BC7BA /* Debug */,
				29171F731EB87913002BC7BA /* Release */,
			);
			defaultConfigurationIsVisible = 0;
		};
		29171F741EB87913002BC7BA /* Build configuration list for PBXNativeTarget "ExampleTests" */ = {
			isa = XCConfigurationList;
			buildConfigurations = (
				29171F751EB87913002BC7BA /* Debug */,
				29171F761EB87913002BC7BA /* Release */,
			);
			defaultConfigurationIsVisible = 0;
		};
		29171F771EB87913002BC7BA /* Build configuration list for PBXNativeTarget "ExampleUITests" */ = {
			isa = XCConfigurationList;
			buildConfigurations = (
				29171F781EB87913002BC7BA /* Debug */,
				29171F791EB87913002BC7BA /* Release */,
			);
			defaultConfigurationIsVisible = 0;
		};
/* End XCConfigurationList section */
	};
	rootObject = 29171F411EB87913002BC7BA /* Project object */;
}
