// !$*UTF8*$!
{
	archiveVersion = 1;
	classes = {
	};
	objectVersion = 46;
	objects = {

/* Begin PBXBuildFile section */
		29F08D041EB06A0200F59335 /* OctoKit.framework in Frameworks */ = {isa = PBXBuildFile; fileRef = 29F08CFA1EB06A0200F59335 /* OctoKit.framework */; };
		29F08D091EB06A0200F59335 /* OctoKitTests.swift in Sources */ = {isa = PBXBuildFile; fileRef = 29F08D081EB06A0200F59335 /* OctoKitTests.swift */; };
		29F08D0B1EB06A0200F59335 /* OctoKit.h in Headers */ = {isa = PBXBuildFile; fileRef = 29F08CFD1EB06A0200F59335 /* OctoKit.h */; settings = {ATTRIBUTES = (Public, ); }; };
/* End PBXBuildFile section */

/* Begin PBXContainerItemProxy section */
		29F08D051EB06A0200F59335 /* PBXContainerItemProxy */ = {
			isa = PBXContainerItemProxy;
			containerPortal = 29F08CF11EB06A0200F59335 /* Project object */;
			proxyType = 1;
			remoteGlobalIDString = 29F08CF91EB06A0200F59335;
			remoteInfo = OctoKit;
		};
/* End PBXContainerItemProxy section */

/* Begin PBXFileReference section */
		29F08CFA1EB06A0200F59335 /* OctoKit.framework */ = {isa = PBXFileReference; explicitFileType = wrapper.framework; includeInIndex = 0; path = OctoKit.framework; sourceTree = BUILT_PRODUCTS_DIR; };
		29F08CFD1EB06A0200F59335 /* OctoKit.h */ = {isa = PBXFileReference; lastKnownFileType = sourcecode.c.h; path = OctoKit.h; sourceTree = "<group>"; };
		29F08CFE1EB06A0200F59335 /* Info.plist */ = {isa = PBXFileReference; lastKnownFileType = text.plist.xml; path = Info.plist; sourceTree = "<group>"; };
		29F08D031EB06A0200F59335 /* OctoKitTests.xctest */ = {isa = PBXFileReference; explicitFileType = wrapper.cfbundle; includeInIndex = 0; path = OctoKitTests.xctest; sourceTree = BUILT_PRODUCTS_DIR; };
		29F08D081EB06A0200F59335 /* OctoKitTests.swift */ = {isa = PBXFileReference; lastKnownFileType = sourcecode.swift; path = OctoKitTests.swift; sourceTree = "<group>"; };
		29F08D0A1EB06A0200F59335 /* Info.plist */ = {isa = PBXFileReference; lastKnownFileType = text.plist.xml; path = Info.plist; sourceTree = "<group>"; };
/* End PBXFileReference section */

/* Begin PBXFrameworksBuildPhase section */
		29F08CF61EB06A0200F59335 /* Frameworks */ = {
			isa = PBXFrameworksBuildPhase;
			buildActionMask = 2147483647;
			files = (
			);
			runOnlyForDeploymentPostprocessing = 0;
		};
		29F08D001EB06A0200F59335 /* Frameworks */ = {
			isa = PBXFrameworksBuildPhase;
			buildActionMask = 2147483647;
			files = (
				29F08D041EB06A0200F59335 /* OctoKit.framework in Frameworks */,
			);
			runOnlyForDeploymentPostprocessing = 0;
		};
/* End PBXFrameworksBuildPhase section */

/* Begin PBXGroup section */
		29F08CF01EB06A0200F59335 = {
			isa = PBXGroup;
			children = (
				29F08CFC1EB06A0200F59335 /* OctoKit */,
				29F08D071EB06A0200F59335 /* OctoKitTests */,
				29F08CFB1EB06A0200F59335 /* Products */,
			);
			sourceTree = "<group>";
		};
		29F08CFB1EB06A0200F59335 /* Products */ = {
			isa = PBXGroup;
			children = (
				29F08CFA1EB06A0200F59335 /* OctoKit.framework */,
				29F08D031EB06A0200F59335 /* OctoKitTests.xctest */,
			);
			name = Products;
			sourceTree = "<group>";
		};
		29F08CFC1EB06A0200F59335 /* OctoKit */ = {
			isa = PBXGroup;
			children = (
				29F08CFE1EB06A0200F59335 /* Info.plist */,
				29F08CFD1EB06A0200F59335 /* OctoKit.h */,
			);
			path = OctoKit;
			sourceTree = "<group>";
		};
		29F08D071EB06A0200F59335 /* OctoKitTests */ = {
			isa = PBXGroup;
			children = (
				29F08D0A1EB06A0200F59335 /* Info.plist */,
				29F08D081EB06A0200F59335 /* OctoKitTests.swift */,
			);
			path = OctoKitTests;
			sourceTree = "<group>";
		};
/* End PBXGroup section */

/* Begin PBXHeadersBuildPhase section */
		29F08CF71EB06A0200F59335 /* Headers */ = {
			isa = PBXHeadersBuildPhase;
			buildActionMask = 2147483647;
			files = (
				29F08D0B1EB06A0200F59335 /* OctoKit.h in Headers */,
			);
			runOnlyForDeploymentPostprocessing = 0;
		};
/* End PBXHeadersBuildPhase section */

/* Begin PBXNativeTarget section */
		29F08CF91EB06A0200F59335 /* OctoKit */ = {
			isa = PBXNativeTarget;
			buildConfigurationList = 29F08D0E1EB06A0200F59335 /* Build configuration list for PBXNativeTarget "OctoKit" */;
			buildPhases = (
				29F08CF51EB06A0200F59335 /* Sources */,
				29F08CF61EB06A0200F59335 /* Frameworks */,
				29F08CF71EB06A0200F59335 /* Headers */,
				29F08CF81EB06A0200F59335 /* Resources */,
			);
			buildRules = (
			);
			dependencies = (
			);
			name = OctoKit;
			productName = OctoKit;
			productReference = 29F08CFA1EB06A0200F59335 /* OctoKit.framework */;
			productType = "com.apple.product-type.framework";
		};
		29F08D021EB06A0200F59335 /* OctoKitTests */ = {
			isa = PBXNativeTarget;
			buildConfigurationList = 29F08D111EB06A0200F59335 /* Build configuration list for PBXNativeTarget "OctoKitTests" */;
			buildPhases = (
				29F08CFF1EB06A0200F59335 /* Sources */,
				29F08D001EB06A0200F59335 /* Frameworks */,
				29F08D011EB06A0200F59335 /* Resources */,
			);
			buildRules = (
			);
			dependencies = (
				29F08D061EB06A0200F59335 /* PBXTargetDependency */,
			);
			name = OctoKitTests;
			productName = OctoKitTests;
			productReference = 29F08D031EB06A0200F59335 /* OctoKitTests.xctest */;
			productType = "com.apple.product-type.bundle.unit-test";
		};
/* End PBXNativeTarget section */

/* Begin PBXProject section */
		29F08CF11EB06A0200F59335 /* Project object */ = {
			isa = PBXProject;
			attributes = {
				LastSwiftUpdateCheck = 0830;
				LastUpgradeCheck = 0830;
				ORGANIZATIONNAME = Maxwell;
				TargetAttributes = {
					29F08CF91EB06A0200F59335 = {
						CreatedOnToolsVersion = 8.3.2;
						ProvisioningStyle = Automatic;
					};
					29F08D021EB06A0200F59335 = {
						CreatedOnToolsVersion = 8.3.2;
						ProvisioningStyle = Automatic;
					};
				};
			};
			buildConfigurationList = 29F08CF41EB06A0200F59335 /* Build configuration list for PBXProject "OctoKit" */;
			compatibilityVersion = "Xcode 3.2";
			developmentRegion = English;
			hasScannedForEncodings = 0;
			knownRegions = (
				en,
			);
			mainGroup = 29F08CF01EB06A0200F59335;
			productRefGroup = 29F08CFB1EB06A0200F59335 /* Products */;
			projectDirPath = "";
			projectRoot = "";
			targets = (
				29F08CF91EB06A0200F59335 /* OctoKit */,
				29F08D021EB06A0200F59335 /* OctoKitTests */,
			);
		};
/* End PBXProject section */

/* Begin PBXResourcesBuildPhase section */
		29F08CF81EB06A0200F59335 /* Resources */ = {
			isa = PBXResourcesBuildPhase;
			buildActionMask = 2147483647;
			files = (
			);
			runOnlyForDeploymentPostprocessing = 0;
		};
		29F08D011EB06A0200F59335 /* Resources */ = {
			isa = PBXResourcesBuildPhase;
			buildActionMask = 2147483647;
			files = (
			);
			runOnlyForDeploymentPostprocessing = 0;
		};
/* End PBXResourcesBuildPhase section */

/* Begin PBXSourcesBuildPhase section */
		29F08CF51EB06A0200F59335 /* Sources */ = {
			isa = PBXSourcesBuildPhase;
			buildActionMask = 2147483647;
			files = (
			);
			runOnlyForDeploymentPostprocessing = 0;
		};
		29F08CFF1EB06A0200F59335 /* Sources */ = {
			isa = PBXSourcesBuildPhase;
			buildActionMask = 2147483647;
			files = (
				29F08D091EB06A0200F59335 /* OctoKitTests.swift in Sources */,
			);
			runOnlyForDeploymentPostprocessing = 0;
		};
/* End PBXSourcesBuildPhase section */

/* Begin PBXTargetDependency section */
		29F08D061EB06A0200F59335 /* PBXTargetDependency */ = {
			isa = PBXTargetDependency;
			target = 29F08CF91EB06A0200F59335 /* OctoKit */;
			targetProxy = 29F08D051EB06A0200F59335 /* PBXContainerItemProxy */;
		};
/* End PBXTargetDependency section */

/* Begin XCBuildConfiguration section */
		29F08D0C1EB06A0200F59335 /* Debug */ = {
			isa = XCBuildConfiguration;
			buildSettings = {
				ALWAYS_SEARCH_USER_PATHS = NO;
				CLANG_ANALYZER_NONNULL = YES;
				CLANG_ANALYZER_NUMBER_OBJECT_CONVERSION = YES_AGGRESSIVE;
				CLANG_CXX_LANGUAGE_STANDARD = "gnu++0x";
				CLANG_CXX_LIBRARY = "libc++";
				CLANG_ENABLE_MODULES = YES;
				CLANG_ENABLE_OBJC_ARC = YES;
				CLANG_WARN_BOOL_CONVERSION = YES;
				CLANG_WARN_CONSTANT_CONVERSION = YES;
				CLANG_WARN_DIRECT_OBJC_ISA_USAGE = YES_ERROR;
				CLANG_WARN_DOCUMENTATION_COMMENTS = YES;
				CLANG_WARN_EMPTY_BODY = YES;
				CLANG_WARN_ENUM_CONVERSION = YES;
				CLANG_WARN_INFINITE_RECURSION = YES;
				CLANG_WARN_INT_CONVERSION = YES;
				CLANG_WARN_OBJC_ROOT_CLASS = YES_ERROR;
				CLANG_WARN_SUSPICIOUS_MOVE = YES;
				CLANG_WARN_UNREACHABLE_CODE = YES;
				CLANG_WARN__DUPLICATE_METHOD_MATCH = YES;
				"CODE_SIGN_IDENTITY[sdk=iphoneos*]" = "iPhone Developer";
				COPY_PHASE_STRIP = NO;
				CURRENT_PROJECT_VERSION = 1;
				DEBUG_INFORMATION_FORMAT = dwarf;
				ENABLE_STRICT_OBJC_MSGSEND = YES;
				ENABLE_TESTABILITY = YES;
				GCC_C_LANGUAGE_STANDARD = gnu99;
				GCC_DYNAMIC_NO_PIC = NO;
				GCC_NO_COMMON_BLOCKS = YES;
				GCC_OPTIMIZATION_LEVEL = 0;
				GCC_PREPROCESSOR_DEFINITIONS = (
					"DEBUG=1",
					"$(inherited)",
				);
				GCC_WARN_64_TO_32_BIT_CONVERSION = YES;
				GCC_WARN_ABOUT_RETURN_TYPE = YES_ERROR;
				GCC_WARN_UNDECLARED_SELECTOR = YES;
				GCC_WARN_UNINITIALIZED_AUTOS = YES_AGGRESSIVE;
				GCC_WARN_UNUSED_FUNCTION = YES;
				GCC_WARN_UNUSED_VARIABLE = YES;
				IPHONEOS_DEPLOYMENT_TARGET = 10.3;
				MTL_ENABLE_DEBUG_INFO = YES;
				ONLY_ACTIVE_ARCH = YES;
				SDKROOT = iphoneos;
				SWIFT_ACTIVE_COMPILATION_CONDITIONS = DEBUG;
				SWIFT_OPTIMIZATION_LEVEL = "-Onone";
				TARGETED_DEVICE_FAMILY = "1,2";
				VERSIONING_SYSTEM = "apple-generic";
				VERSION_INFO_PREFIX = "";
			};
			name = Debug;
		};
		29F08D0D1EB06A0200F59335 /* Release */ = {
			isa = XCBuildConfiguration;
			buildSettings = {
				ALWAYS_SEARCH_USER_PATHS = NO;
				CLANG_ANALYZER_NONNULL = YES;
				CLANG_ANALYZER_NUMBER_OBJECT_CONVERSION = YES_AGGRESSIVE;
				CLANG_CXX_LANGUAGE_STANDARD = "gnu++0x";
				CLANG_CXX_LIBRARY = "libc++";
				CLANG_ENABLE_MODULES = YES;
				CLANG_ENABLE_OBJC_ARC = YES;
				CLANG_WARN_BOOL_CONVERSION = YES;
				CLANG_WARN_CONSTANT_CONVERSION = YES;
				CLANG_WARN_DIRECT_OBJC_ISA_USAGE = YES_ERROR;
				CLANG_WARN_DOCUMENTATION_COMMENTS = YES;
				CLANG_WARN_EMPTY_BODY = YES;
				CLANG_WARN_ENUM_CONVERSION = YES;
				CLANG_WARN_INFINITE_RECURSION = YES;
				CLANG_WARN_INT_CONVERSION = YES;
				CLANG_WARN_OBJC_ROOT_CLASS = YES_ERROR;
				CLANG_WARN_SUSPICIOUS_MOVE = YES;
				CLANG_WARN_UNREACHABLE_CODE = YES;
				CLANG_WARN__DUPLICATE_METHOD_MATCH = YES;
				"CODE_SIGN_IDENTITY[sdk=iphoneos*]" = "iPhone Developer";
				COPY_PHASE_STRIP = NO;
				CURRENT_PROJECT_VERSION = 1;
				DEBUG_INFORMATION_FORMAT = "dwarf-with-dsym";
				ENABLE_NS_ASSERTIONS = NO;
				ENABLE_STRICT_OBJC_MSGSEND = YES;
				GCC_C_LANGUAGE_STANDARD = gnu99;
				GCC_NO_COMMON_BLOCKS = YES;
				GCC_WARN_64_TO_32_BIT_CONVERSION = YES;
				GCC_WARN_ABOUT_RETURN_TYPE = YES_ERROR;
				GCC_WARN_UNDECLARED_SELECTOR = YES;
				GCC_WARN_UNINITIALIZED_AUTOS = YES_AGGRESSIVE;
				GCC_WARN_UNUSED_FUNCTION = YES;
				GCC_WARN_UNUSED_VARIABLE = YES;
				IPHONEOS_DEPLOYMENT_TARGET = 10.3;
				MTL_ENABLE_DEBUG_INFO = NO;
				SDKROOT = iphoneos;
				SWIFT_OPTIMIZATION_LEVEL = "-Owholemodule";
				TARGETED_DEVICE_FAMILY = "1,2";
				VALIDATE_PRODUCT = YES;
				VERSIONING_SYSTEM = "apple-generic";
				VERSION_INFO_PREFIX = "";
			};
			name = Release;
		};
		29F08D0F1EB06A0200F59335 /* Debug */ = {
			isa = XCBuildConfiguration;
			buildSettings = {
				CODE_SIGN_IDENTITY = "";
				DEFINES_MODULE = YES;
				DYLIB_COMPATIBILITY_VERSION = 1;
				DYLIB_CURRENT_VERSION = 1;
				DYLIB_INSTALL_NAME_BASE = "@rpath";
				INFOPLIST_FILE = OctoKit/Info.plist;
				INSTALL_PATH = "$(LOCAL_LIBRARY_DIR)/Frameworks";
				LD_RUNPATH_SEARCH_PATHS = "$(inherited) @executable_path/Frameworks @loader_path/Frameworks";
				PRODUCT_BUNDLE_IDENTIFIER = Maxwell.OctoKit;
				PRODUCT_NAME = "$(TARGET_NAME)";
				SKIP_INSTALL = YES;
				SWIFT_VERSION = 3.0;
			};
			name = Debug;
		};
		29F08D101EB06A0200F59335 /* Release */ = {
			isa = XCBuildConfiguration;
			buildSettings = {
				CODE_SIGN_IDENTITY = "";
				DEFINES_MODULE = YES;
				DYLIB_COMPATIBILITY_VERSION = 1;
				DYLIB_CURRENT_VERSION = 1;
				DYLIB_INSTALL_NAME_BASE = "@rpath";
				INFOPLIST_FILE = OctoKit/Info.plist;
				INSTALL_PATH = "$(LOCAL_LIBRARY_DIR)/Frameworks";
				LD_RUNPATH_SEARCH_PATHS = "$(inherited) @executable_path/Frameworks @loader_path/Frameworks";
				PRODUCT_BUNDLE_IDENTIFIER = Maxwell.OctoKit;
				PRODUCT_NAME = "$(TARGET_NAME)";
				SKIP_INSTALL = YES;
				SWIFT_VERSION = 3.0;
			};
			name = Release;
		};
		29F08D121EB06A0200F59335 /* Debug */ = {
			isa = XCBuildConfiguration;
			buildSettings = {
				INFOPLIST_FILE = OctoKitTests/Info.plist;
				LD_RUNPATH_SEARCH_PATHS = "$(inherited) @executable_path/Frameworks @loader_path/Frameworks";
				PRODUCT_BUNDLE_IDENTIFIER = Maxwell.OctoKitTests;
				PRODUCT_NAME = "$(TARGET_NAME)";
				SWIFT_VERSION = 3.0;
			};
			name = Debug;
		};
		29F08D131EB06A0200F59335 /* Release */ = {
			isa = XCBuildConfiguration;
			buildSettings = {
				INFOPLIST_FILE = OctoKitTests/Info.plist;
				LD_RUNPATH_SEARCH_PATHS = "$(inherited) @executable_path/Frameworks @loader_path/Frameworks";
				PRODUCT_BUNDLE_IDENTIFIER = Maxwell.OctoKitTests;
				PRODUCT_NAME = "$(TARGET_NAME)";
				SWIFT_VERSION = 3.0;
			};
			name = Release;
		};
/* End XCBuildConfiguration section */

/* Begin XCConfigurationList section */
		29F08CF41EB06A0200F59335 /* Build configuration list for PBXProject "OctoKit" */ = {
			isa = XCConfigurationList;
			buildConfigurations = (
				29F08D0C1EB06A0200F59335 /* Debug */,
				29F08D0D1EB06A0200F59335 /* Release */,
			);
			defaultConfigurationIsVisible = 0;
			defaultConfigurationName = Release;
		};
		29F08D0E1EB06A0200F59335 /* Build configuration list for PBXNativeTarget "OctoKit" */ = {
			isa = XCConfigurationList;
			buildConfigurations = (
				29F08D0F1EB06A0200F59335 /* Debug */,
				29F08D101EB06A0200F59335 /* Release */,
			);
			defaultConfigurationIsVisible = 0;
		};
		29F08D111EB06A0200F59335 /* Build configuration list for PBXNativeTarget "OctoKitTests" */ = {
			isa = XCConfigurationList;
			buildConfigurations = (
				29F08D121EB06A0200F59335 /* Debug */,
				29F08D131EB06A0200F59335 /* Release */,
			);
			defaultConfigurationIsVisible = 0;
		};
/* End XCConfigurationList section */
	};
	rootObject = 29F08CF11EB06A0200F59335 /* Project object */;
}
